// !$*UTF8*$!
{
	archiveVersion = 1;
	classes = {
	};
	objectVersion = 46;
	objects = {

/* Begin PBXBuildFile section */
		D387F6BB1B87731C00E618E1 /* AppDelegate.swift in Sources */ = {isa = PBXBuildFile; fileRef = D387F6BA1B87731C00E618E1 /* AppDelegate.swift */; };
		D387F6BF1B87731C00E618E1 /* GameScene.swift in Sources */ = {isa = PBXBuildFile; fileRef = D387F6BE1B87731C00E618E1 /* GameScene.swift */; };
		D387F6C11B87731C00E618E1 /* GameViewController.swift in Sources */ = {isa = PBXBuildFile; fileRef = D387F6C01B87731C00E618E1 /* GameViewController.swift */; };
		D387F6C41B87731C00E618E1 /* Main.storyboard in Resources */ = {isa = PBXBuildFile; fileRef = D387F6C21B87731C00E618E1 /* Main.storyboard */; };
		D387F6C61B87731C00E618E1 /* Images.xcassets in Resources */ = {isa = PBXBuildFile; fileRef = D387F6C51B87731C00E618E1 /* Images.xcassets */; };
		D387F6D51B87731C00E618E1 /* OXGameTests.swift in Sources */ = {isa = PBXBuildFile; fileRef = D387F6D41B87731C00E618E1 /* OXGameTests.swift */; };
		D387F6E11B87787F00E618E1 /* bg.png in Resources */ = {isa = PBXBuildFile; fileRef = D387F6E01B87787F00E618E1 /* bg.png */; };
/* End PBXBuildFile section */

/* Begin PBXContainerItemProxy section */
		D387F6CF1B87731C00E618E1 /* PBXContainerItemProxy */ = {
			isa = PBXContainerItemProxy;
			containerPortal = D387F6AD1B87731C00E618E1 /* Project object */;
			proxyType = 1;
			remoteGlobalIDString = D387F6B41B87731C00E618E1;
			remoteInfo = OXGame;
		};
/* End PBXContainerItemProxy section */

/* Begin PBXFileReference section */
		D387F6B51B87731C00E618E1 /* OXGame.app */ = {isa = PBXFileReference; explicitFileType = wrapper.application; includeInIndex = 0; path = OXGame.app; sourceTree = BUILT_PRODUCTS_DIR; };
		D387F6B91B87731C00E618E1 /* Info.plist */ = {isa = PBXFileReference; lastKnownFileType = text.plist.xml; path = Info.plist; sourceTree = "<group>"; };
		D387F6BA1B87731C00E618E1 /* AppDelegate.swift */ = {isa = PBXFileReference; lastKnownFileType = sourcecode.swift; path = AppDelegate.swift; sourceTree = "<group>"; };
		D387F6BE1B87731C00E618E1 /* GameScene.swift */ = {isa = PBXFileReference; lastKnownFileType = sourcecode.swift; path = GameScene.swift; sourceTree = "<group>"; };
		D387F6C01B87731C00E618E1 /* GameViewController.swift */ = {isa = PBXFileReference; lastKnownFileType = sourcecode.swift; path = GameViewController.swift; sourceTree = "<group>"; };
		D387F6C31B87731C00E618E1 /* Base */ = {isa = PBXFileReference; lastKnownFileType = file.storyboard; name = Base; path = Base.lproj/Main.storyboard; sourceTree = "<group>"; };
		D387F6C51B87731C00E618E1 /* Images.xcassets */ = {isa = PBXFileReference; lastKnownFileType = folder.assetcatalog; path = Images.xcassets; sourceTree = "<group>"; };
		D387F6CE1B87731C00E618E1 /* OXGameTests.xctest */ = {isa = PBXFileReference; explicitFileType = wrapper.cfbundle; includeInIndex = 0; path = OXGameTests.xctest; sourceTree = BUILT_PRODUCTS_DIR; };
		D387F6D31B87731C00E618E1 /* Info.plist */ = {isa = PBXFileReference; lastKnownFileType = text.plist.xml; path = Info.plist; sourceTree = "<group>"; };
		D387F6D41B87731C00E618E1 /* OXGameTests.swift */ = {isa = PBXFileReference; lastKnownFileType = sourcecode.swift; path = OXGameTests.swift; sourceTree = "<group>"; };
		D387F6E01B87787F00E618E1 /* bg.png */ = {isa = PBXFileReference; lastKnownFileType = image.png; path = bg.png; sourceTree = "<group>"; };
/* End PBXFileReference section */

/* Begin PBXFrameworksBuildPhase section */
		D387F6B21B87731C00E618E1 /* Frameworks */ = {
			isa = PBXFrameworksBuildPhase;
			buildActionMask = 2147483647;
			files = (
			);
			runOnlyForDeploymentPostprocessing = 0;
		};
		D387F6CB1B87731C00E618E1 /* Frameworks */ = {
			isa = PBXFrameworksBuildPhase;
			buildActionMask = 2147483647;
			files = (
			);
			runOnlyForDeploymentPostprocessing = 0;
		};
/* End PBXFrameworksBuildPhase section */

/* Begin PBXGroup section */
		D387F6AC1B87731C00E618E1 = {
			isa = PBXGroup;
			children = (
				D387F6B71B87731C00E618E1 /* OXGame */,
				D387F6D11B87731C00E618E1 /* OXGameTests */,
				D387F6B61B87731C00E618E1 /* Products */,
			);
			sourceTree = "<group>";
		};
		D387F6B61B87731C00E618E1 /* Products */ = {
			isa = PBXGroup;
			children = (
				D387F6B51B87731C00E618E1 /* OXGame.app */,
				D387F6CE1B87731C00E618E1 /* OXGameTests.xctest */,
			);
			name = Products;
			sourceTree = "<group>";
		};
		D387F6B71B87731C00E618E1 /* OXGame */ = {
			isa = PBXGroup;
			children = (
				D387F6BA1B87731C00E618E1 /* AppDelegate.swift */,
				D387F6BE1B87731C00E618E1 /* GameScene.swift */,
				D387F6C01B87731C00E618E1 /* GameViewController.swift */,
				D387F6C21B87731C00E618E1 /* Main.storyboard */,
				D387F6C51B87731C00E618E1 /* Images.xcassets */,
				D387F6B81B87731C00E618E1 /* Supporting Files */,
			);
			path = OXGame;
			sourceTree = "<group>";
		};
		D387F6B81B87731C00E618E1 /* Supporting Files */ = {
			isa = PBXGroup;
			children = (
				D387F6E01B87787F00E618E1 /* bg.png */,
				D387F6B91B87731C00E618E1 /* Info.plist */,
			);
			name = "Supporting Files";
			sourceTree = "<group>";
		};
		D387F6D11B87731C00E618E1 /* OXGameTests */ = {
			isa = PBXGroup;
			children = (
				D387F6D41B87731C00E618E1 /* OXGameTests.swift */,
				D387F6D21B87731C00E618E1 /* Supporting Files */,
			);
			path = OXGameTests;
			sourceTree = "<group>";
		};
		D387F6D21B87731C00E618E1 /* Supporting Files */ = {
			isa = PBXGroup;
			children = (
				D387F6D31B87731C00E618E1 /* Info.plist */,
			);
			name = "Supporting Files";
			sourceTree = "<group>";
		};
/* End PBXGroup section */

/* Begin PBXNativeTarget section */
		D387F6B41B87731C00E618E1 /* OXGame */ = {
			isa = PBXNativeTarget;
			buildConfigurationList = D387F6D81B87731C00E618E1 /* Build configuration list for PBXNativeTarget "OXGame" */;
			buildPhases = (
				D387F6B11B87731C00E618E1 /* Sources */,
				D387F6B21B87731C00E618E1 /* Frameworks */,
				D387F6B31B87731C00E618E1 /* Resources */,
			);
			buildRules = (
			);
			dependencies = (
			);
			name = OXGame;
			productName = OXGame;
			productReference = D387F6B51B87731C00E618E1 /* OXGame.app */;
			productType = "com.apple.product-type.application";
		};
		D387F6CD1B87731C00E618E1 /* OXGameTests */ = {
			isa = PBXNativeTarget;
			buildConfigurationList = D387F6DB1B87731C00E618E1 /* Build configuration list for PBXNativeTarget "OXGameTests" */;
			buildPhases = (
				D387F6CA1B87731C00E618E1 /* Sources */,
				D387F6CB1B87731C00E618E1 /* Frameworks */,
				D387F6CC1B87731C00E618E1 /* Resources */,
			);
			buildRules = (
			);
			dependencies = (
				D387F6D01B87731C00E618E1 /* PBXTargetDependency */,
			);
			name = OXGameTests;
			productName = OXGameTests;
			productReference = D387F6CE1B87731C00E618E1 /* OXGameTests.xctest */;
			productType = "com.apple.product-type.bundle.unit-test";
		};
/* End PBXNativeTarget section */

/* Begin PBXProject section */
		D387F6AD1B87731C00E618E1 /* Project object */ = {
			isa = PBXProject;
			attributes = {
				LastUpgradeCheck = 0640;
				ORGANIZATIONNAME = denjo;
				TargetAttributes = {
					D387F6B41B87731C00E618E1 = {
						CreatedOnToolsVersion = 6.4;
					};
					D387F6CD1B87731C00E618E1 = {
						CreatedOnToolsVersion = 6.4;
						TestTargetID = D387F6B41B87731C00E618E1;
					};
				};
			};
			buildConfigurationList = D387F6B01B87731C00E618E1 /* Build configuration list for PBXProject "OXGame" */;
			compatibilityVersion = "Xcode 3.2";
			developmentRegion = English;
			hasScannedForEncodings = 0;
			knownRegions = (
				en,
				Base,
			);
			mainGroup = D387F6AC1B87731C00E618E1;
			productRefGroup = D387F6B61B87731C00E618E1 /* Products */;
			projectDirPath = "";
			projectRoot = "";
			targets = (
				D387F6B41B87731C00E618E1 /* OXGame */,
				D387F6CD1B87731C00E618E1 /* OXGameTests */,
			);
		};
/* End PBXProject section */

/* Begin PBXResourcesBuildPhase section */
		D387F6B31B87731C00E618E1 /* Resources */ = {
			isa = PBXResourcesBuildPhase;
			buildActionMask = 2147483647;
			files = (
				D387F6C61B87731C00E618E1 /* Images.xcassets in Resources */,
				D387F6C41B87731C00E618E1 /* Main.storyboard in Resources */,
				D387F6E11B87787F00E618E1 /* bg.png in Resources */,
			);
			runOnlyForDeploymentPostprocessing = 0;
		};
		D387F6CC1B87731C00E618E1 /* Resources */ = {
			isa = PBXResourcesBuildPhase;
			buildActionMask = 2147483647;
			files = (
			);
			runOnlyForDeploymentPostprocessing = 0;
		};
/* End PBXResourcesBuildPhase section */

/* Begin PBXSourcesBuildPhase section */
		D387F6B11B87731C00E618E1 /* Sources */ = {
			isa = PBXSourcesBuildPhase;
			buildActionMask = 2147483647;
			files = (
				D387F6BF1B87731C00E618E1 /* GameScene.swift in Sources */,
				D387F6C11B87731C00E618E1 /* GameViewController.swift in Sources */,
				D387F6BB1B87731C00E618E1 /* AppDelegate.swift in Sources */,
			);
			runOnlyForDeploymentPostprocessing = 0;
		};
		D387F6CA1B87731C00E618E1 /* Sources */ = {
			isa = PBXSourcesBuildPhase;
			buildActionMask = 2147483647;
			files = (
				D387F6D51B87731C00E618E1 /* OXGameTests.swift in Sources */,
			);
			runOnlyForDeploymentPostprocessing = 0;
		};
/* End PBXSourcesBuildPhase section */

/* Begin PBXTargetDependency section */
		D387F6D01B87731C00E618E1 /* PBXTargetDependency */ = {
			isa = PBXTargetDependency;
			target = D387F6B41B87731C00E618E1 /* OXGame */;
			targetProxy = D387F6CF1B87731C00E618E1 /* PBXContainerItemProxy */;
		};
/* End PBXTargetDependency section */

/* Begin PBXVariantGroup section */
		D387F6C21B87731C00E618E1 /* Main.storyboard */ = {
			isa = PBXVariantGroup;
			children = (
				D387F6C31B87731C00E618E1 /* Base */,
			);
			name = Main.storyboard;
			sourceTree = "<group>";
		};
/* End PBXVariantGroup section */

/* Begin XCBuildConfiguration section */
		D387F6D61B87731C00E618E1 /* Debug */ = {
			isa = XCBuildConfiguration;
			buildSettings = {
				ALWAYS_SEARCH_USER_PATHS = NO;
				CLANG_CXX_LANGUAGE_STANDARD = "gnu++0x";
				CLANG_CXX_LIBRARY = "libc++";
				CLANG_ENABLE_MODULES = YES;
				CLANG_ENABLE_OBJC_ARC = YES;
				CLANG_WARN_BOOL_CONVERSION = YES;
				CLANG_WARN_CONSTANT_CONVERSION = YES;
				CLANG_WARN_DIRECT_OBJC_ISA_USAGE = YES_ERROR;
				CLANG_WARN_EMPTY_BODY = YES;
				CLANG_WARN_ENUM_CONVERSION = YES;
				CLANG_WARN_INT_CONVERSION = YES;
				CLANG_WARN_OBJC_ROOT_CLASS = YES_ERROR;
				CLANG_WARN_UNREACHABLE_CODE = YES;
				CLANG_WARN__DUPLICATE_METHOD_MATCH = YES;
				"CODE_SIGN_IDENTITY[sdk=iphoneos*]" = "iPhone Developer";
				COPY_PHASE_STRIP = NO;
				DEBUG_INFORMATION_FORMAT = "dwarf-with-dsym";
				ENABLE_STRICT_OBJC_MSGSEND = YES;
				GCC_C_LANGUAGE_STANDARD = gnu99;
				GCC_DYNAMIC_NO_PIC = NO;
				GCC_NO_COMMON_BLOCKS = YES;
				GCC_OPTIMIZATION_LEVEL = 0;
				GCC_PREPROCESSOR_DEFINITIONS = (
					"DEBUG=1",
					"$(inherited)",
				);
				GCC_SYMBOLS_PRIVATE_EXTERN = NO;
				GCC_WARN_64_TO_32_BIT_CONVERSION = YES;
				GCC_WARN_ABOUT_RETURN_TYPE = YES_ERROR;
				GCC_WARN_UNDECLARED_SELECTOR = YES;
				GCC_WARN_UNINITIALIZED_AUTOS = YES_AGGRESSIVE;
				GCC_WARN_UNUSED_FUNCTION = YES;
				GCC_WARN_UNUSED_VARIABLE = YES;
				IPHONEOS_DEPLOYMENT_TARGET = 8.4;
				MTL_ENABLE_DEBUG_INFO = YES;
				ONLY_ACTIVE_ARCH = YES;
				SDKROOT = iphoneos;
				SWIFT_OPTIMIZATION_LEVEL = "-Onone";
				TARGETED_DEVICE_FAMILY = "1,2";
			};
			name = Debug;
		};
		D387F6D71B87731C00E618E1 /* Release */ = {
			isa = XCBuildConfiguration;
			buildSettings = {
				ALWAYS_SEARCH_USER_PATHS = NO;
				CLANG_CXX_LANGUAGE_STANDARD = "gnu++0x";
				CLANG_CXX_LIBRARY = "libc++";
				CLANG_ENABLE_MODULES = YES;
				CLANG_ENABLE_OBJC_ARC = YES;
				CLANG_WARN_BOOL_CONVERSION = YES;
				CLANG_WARN_CONSTANT_CONVERSION = YES;
				CLANG_WARN_DIRECT_OBJC_ISA_USAGE = YES_ERROR;
				CLANG_WARN_EMPTY_BODY = YES;
				CLANG_WARN_ENUM_CONVERSION = YES;
				CLANG_WARN_INT_CONVERSION = YES;
				CLANG_WARN_OBJC_ROOT_CLASS = YES_ERROR;
				CLANG_WARN_UNREACHABLE_CODE = YES;
				CLANG_WARN__DUPLICATE_METHOD_MATCH = YES;
				"CODE_SIGN_IDENTITY[sdk=iphoneos*]" = "iPhone Developer";
				COPY_PHASE_STRIP = NO;
				DEBUG_INFORMATION_FORMAT = "dwarf-with-dsym";
				ENABLE_NS_ASSERTIONS = NO;
				ENABLE_STRICT_OBJC_MSGSEND = YES;
				GCC_C_LANGUAGE_STANDARD = gnu99;
				GCC_NO_COMMON_BLOCKS = YES;
				GCC_WARN_64_TO_32_BIT_CONVERSION = YES;
				GCC_WARN_ABOUT_RETURN_TYPE = YES_ERROR;
				GCC_WARN_UNDECLARED_SELECTOR = YES;
				GCC_WARN_UNINITIALIZED_AUTOS = YES_AGGRESSIVE;
				GCC_WARN_UNUSED_FUNCTION = YES;
				GCC_WARN_UNUSED_VARIABLE = YES;
				IPHONEOS_DEPLOYMENT_TARGET = 8.4;
				MTL_ENABLE_DEBUG_INFO = NO;
				SDKROOT = iphoneos;
				TARGETED_DEVICE_FAMILY = "1,2";
				VALIDATE_PRODUCT = YES;
			};
			name = Release;
		};
		D387F6D91B87731C00E618E1 /* Debug */ = {
			isa = XCBuildConfiguration;
			buildSettings = {
				ASSETCATALOG_COMPILER_APPICON_NAME = AppIcon;
				INFOPLIST_FILE = OXGame/Info.plist;
				LD_RUNPATH_SEARCH_PATHS = "$(inherited) @executable_path/Frameworks";
				PRODUCT_NAME = "$(TARGET_NAME)";
			};
			name = Debug;
		};
		D387F6DA1B87731C00E618E1 /* Release */ = {
			isa = XCBuildConfiguration;
			buildSettings = {
				ASSETCATALOG_COMPILER_APPICON_NAME = AppIcon;
				INFOPLIST_FILE = OXGame/Info.plist;
				LD_RUNPATH_SEARCH_PATHS = "$(inherited) @executable_path/Frameworks";
				PRODUCT_NAME = "$(TARGET_NAME)";
			};
			name = Release;
		};
		D387F6DC1B87731C00E618E1 /* Debug */ = {
			isa = XCBuildConfiguration;
			buildSettings = {
				BUNDLE_LOADER = "$(TEST_HOST)";
				FRAMEWORK_SEARCH_PATHS = (
					"$(SDKROOT)/Developer/Library/Frameworks",
					"$(inherited)",
				);
				GCC_PREPROCESSOR_DEFINITIONS = (
					"DEBUG=1",
					"$(inherited)",
				);
				INFOPLIST_FILE = OXGameTests/Info.plist;
				LD_RUNPATH_SEARCH_PATHS = "$(inherited) @executable_path/Frameworks @loader_path/Frameworks";
				PRODUCT_NAME = "$(TARGET_NAME)";
				TEST_HOST = "$(BUILT_PRODUCTS_DIR)/OXGame.app/OXGame";
			};
			name = Debug;
		};
		D387F6DD1B87731C00E618E1 /* Release */ = {
			isa = XCBuildConfiguration;
			buildSettings = {
				BUNDLE_LOADER = "$(TEST_HOST)";
				FRAMEWORK_SEARCH_PATHS = (
					"$(SDKROOT)/Developer/Library/Frameworks",
					"$(inherited)",
				);
				INFOPLIST_FILE = OXGameTests/Info.plist;
				LD_RUNPATH_SEARCH_PATHS = "$(inherited) @executable_path/Frameworks @loader_path/Frameworks";
				PRODUCT_NAME = "$(TARGET_NAME)";
				TEST_HOST = "$(BUILT_PRODUCTS_DIR)/OXGame.app/OXGame";
			};
			name = Release;
		};
/* End XCBuildConfiguration section */

/* Begin XCConfigurationList section */
		D387F6B01B87731C00E618E1 /* Build configuration list for PBXProject "OXGame" */ = {
			isa = XCConfigurationList;
			buildConfigurations = (
				D387F6D61B87731C00E618E1 /* Debug */,
				D387F6D71B87731C00E618E1 /* Release */,
			);
			defaultConfigurationIsVisible = 0;
			defaultConfigurationName = Release;
		};
		D387F6D81B87731C00E618E1 /* Build configuration list for PBXNativeTarget "OXGame" */ = {
			isa = XCConfigurationList;
			buildConfigurations = (
				D387F6D91B87731C00E618E1 /* Debug */,
				D387F6DA1B87731C00E618E1 /* Release */,
			);
			defaultConfigurationIsVisible = 0;
		};
		D387F6DB1B87731C00E618E1 /* Build configuration list for PBXNativeTarget "OXGameTests" */ = {
			isa = XCConfigurationList;
			buildConfigurations = (
				D387F6DC1B87731C00E618E1 /* Debug */,
				D387F6DD1B87731C00E618E1 /* Release */,
			);
			defaultConfigurationIsVisible = 0;
		};
/* End XCConfigurationList section */
	};
	rootObject = D387F6AD1B87731C00E618E1 /* Project object */;
}
